
Microsoft Visual Studio Solution File, Format Version 12.00
# Visual Studio Version 17
VisualStudioVersion = 17.9.34622.214
MinimumVisualStudioVersion = 10.0.40219.1
Project("{9A19103F-16F7-4668-BE54-9A1E7A4F7556}") = "OTTER", "OTTER.csproj", "{5FEC7324-93F6-482E-8595-02EA2D7A3FEF}"
EndProject
Global
	GlobalSection(SolutionConfigurationPlatforms) = preSolution
		Debug|Any CPU = Debug|Any CPU
		Release|Any CPU = Release|Any CPU
	EndGlobalSection
	GlobalSection(ProjectConfigurationPlatforms) = postSolution
		{5FEC7324-93F6-482E-8595-02EA2D7A3FEF}.Debug|Any CPU.ActiveCfg = Debug|Any CPU
		{5FEC7324-93F6-482E-8595-02EA2D7A3FEF}.Debug|Any CPU.Build.0 = Debug|Any CPU
		{5FEC7324-93F6-482E-8595-02EA2D7A3FEF}.Release|Any CPU.ActiveCfg = Release|Any CPU
		{5FEC7324-93F6-482E-8595-02EA2D7A3FEF}.Release|Any CPU.Build.0 = Release|Any CPU
	EndGlobalSection
	GlobalSection(SolutionProperties) = preSolution
		HideSolutionNode = FALSE
	EndGlobalSection
	GlobalSection(ExtensibilityGlobals) = postSolution
		SolutionGuid = {517BFB6E-E137-4580-86DF-92AB4A909B00}
	EndGlobalSection
EndGlobal
